{
  "nodes": {
    "nixpkgs": {
      "locked": {
        "lastModified": 1773110118,
        "narHash": "sha256-mPAG8phMbCReKSiKAijjjd3v7uVcJOQ75gSjGJjt/Rk=",
        "owner": "NixOS",
        "repo": "nixpkgs",
        "rev": "e607cb5360ff1234862ac9f8839522becb853bb9",
        "type": "github"
      },
      "original": {
        "owner": "NixOS",
        "ref": "nixpkgs-unstable",
        "repo": "nixpkgs",
        "type": "github"
      }
    },
    "nixpkgs_2": {
      "locked": {
        "lastModified": 1771207753,
        "narHash": "sha256-b9uG8yN50DRQ6A7JdZBfzq718ryYrlmGgqkRm9OOwCE=",
        "owner": "NixOS",
        "repo": "nixpkgs",
        "rev": "d1c15b7d5806069da59e819999d70e1cec0760bf",
        "type": "github"
      },
      "original": {
        "owner": "NixOS",
        "ref": "nixpkgs-unstable",
        "repo": "nixpkgs",
        "type": "github"
      }
    },
    "nixpkgs_3": {
      "locked": {
        "lastModified": 1772091128,
        "narHash": "sha256-TnrYykX8Mf/Ugtkix6V+PjW7miU2yClA6uqWl/v6KWM=",
        "owner": "NixOS",
        "repo": "nixpkgs",
        "rev": "3f0336406035444b4a24b942788334af5f906259",
        "type": "github"
      },
      "original": {
        "owner": "NixOS",
        "ref": "nixpkgs-unstable",
        "repo": "nixpkgs",
        "type": "github"
      }
    },
    "ocnix": {
      "inputs": {
        "nixpkgs": "nixpkgs_2",
        "opencode": "opencode",
        "systems": "systems",
        "tilth": "tilth",
        "treefmt-nix": "treefmt-nix"
      },
      "locked": {
        "lastModified": 1773259191,
        "narHash": "sha256-HCJgR8f8Q1FIB+zvEn//kd0aBVW9GhkM9GRS5FgxREY=",
        "owner": "mirko-plowtech",
        "repo": "opencode-nix",
        "rev": "d9c82aae895fea627297aa70bd034bcd9ed04751",
        "type": "github"
      },
      "original": {
        "owner": "mirko-plowtech",
        "repo": "opencode-nix",
        "type": "github"
      }
    },
    "opencode": {
      "inputs": {
        "nixpkgs": [
          "ocnix",
          "nixpkgs"
        ]
      },
      "locked": {
        "lastModified": 1771626013,
        "narHash": "sha256-b74ascBNcHlXjhxRX4FgqQXJTpcYhika5ay+fx1eX90=",
        "owner": "anomalyco",
        "repo": "opencode",
        "rev": "f07e8772042d9980bf6b6912d20b59709cbccd51",
        "type": "github"
      },
      "original": {
        "owner": "anomalyco",
        "repo": "opencode",
        "type": "github"
      }
    },
    "opencode_2": {
      "inputs": {
        "nixpkgs": "nixpkgs_3"
      },
      "locked": {
        "lastModified": 1773258154,
        "narHash": "sha256-Cxq4h+p8S4ZsOJ8+U8XMafI8LMinc0L83rtFLp5DcvQ=",
        "owner": "anomalyco",
        "repo": "opencode",
        "rev": "c37f7b9d997fcbbf4f331e1965425375e7606ab6",
        "type": "github"
      },
      "original": {
        "owner": "anomalyco",
        "repo": "opencode",
        "type": "github"
      }
    },
    "root": {
      "inputs": {
        "nixpkgs": "nixpkgs",
        "ocnix": "ocnix",
        "opencode": "opencode_2"
      }
    },
    "systems": {
      "locked": {
        "lastModified": 1681028828,
        "narHash": "sha256-Vy1rq5AaRuLzOxct8nz4T6wlgyUR7zLU309k9mBC768=",
        "owner": "nix-systems",
        "repo": "default",
        "rev": "da67096a3b9bf56a91d16901293e51ba5b49a27e",
        "type": "github"
      },
      "original": {
        "owner": "nix-systems",
        "repo": "default",
        "type": "github"
      }
    },
    "tilth": {
      "inputs": {
        "nixpkgs": [
          "ocnix",
          "nixpkgs"
        ]
      },
      "locked": {
        "lastModified": 1773234780,
        "narHash": "sha256-MR9u3+FROzZgyuPS1OK+jzxAfpodzxD6qJ6CFUw/JuQ=",
        "owner": "jahala",
        "repo": "tilth",
        "rev": "31a3e982536dcdd4055ecb0285be8d89473fd74f",
        "type": "github"
      },
      "original": {
        "owner": "jahala",
        "repo": "tilth",
        "type": "github"
      }
    },
    "treefmt-nix": {
      "inputs": {
        "nixpkgs": [
          "ocnix",
          "nixpkgs"
        ]
      },
      "locked": {
        "lastModified": 1770228511,
        "narHash": "sha256-wQ6NJSuFqAEmIg2VMnLdCnUc0b7vslUohqqGGD+Fyxk=",
        "owner": "numtide",
        "repo": "treefmt-nix",
        "rev": "337a4fe074be1042a35086f15481d763b8ddc0e7",
        "type": "github"
      },
      "original": {
        "owner": "numtide",
        "repo": "treefmt-nix",
        "type": "github"
      }
    }
  },
  "root": "root",
  "version": 7
}
